
Microsoft Visual Studio Solution File, Format Version 12.00
# Visual Studio Version 17
VisualStudioVersion = 17.9.34728.123
MinimumVisualStudioVersion = 10.0.40219.1
Project("{FAE04EC0-301F-11D3-BF4B-00C04F79EFBC}") = "reverse a string", "reverse a string\reverse a string.csproj", "{EA92DE2A-FDEB-49C1-8128-E346F0DD4785}"
EndProject
Global
	GlobalSection(SolutionConfigurationPlatforms) = preSolution
		Debug|Any CPU = Debug|Any CPU
		Release|Any CPU = Release|Any CPU
	EndGlobalSection
	GlobalSection(ProjectConfigurationPlatforms) = postSolution
		{EA92DE2A-FDEB-49C1-8128-E346F0DD4785}.Debug|Any CPU.ActiveCfg = Debug|Any CPU
		{EA92DE2A-FDEB-49C1-8128-E346F0DD4785}.Debug|Any CPU.Build.0 = Debug|Any CPU
		{EA92DE2A-FDEB-49C1-8128-E346F0DD4785}.Release|Any CPU.ActiveCfg = Release|Any CPU
		{EA92DE2A-FDEB-49C1-8128-E346F0DD4785}.Release|Any CPU.Build.0 = Release|Any CPU
	EndGlobalSection
	GlobalSection(SolutionProperties) = preSolution
		HideSolutionNode = FALSE
	EndGlobalSection
	GlobalSection(ExtensibilityGlobals) = postSolution
		SolutionGuid = {B16C8678-E724-4A55-B952-3F960128161F}
	EndGlobalSection
EndGlobal
