
Microsoft Visual Studio Solution File, Format Version 12.00
# Visual Studio Version 17
VisualStudioVersion = 17.9.34728.123
MinimumVisualStudioVersion = 10.0.40219.1
Project("{FAE04EC0-301F-11D3-BF4B-00C04F79EFBC}") = "oops", "oops\oops.csproj", "{A7BAD710-84E8-4F77-85D1-3A4D46F0BFA1}"
EndProject
Global
	GlobalSection(SolutionConfigurationPlatforms) = preSolution
		Debug|Any CPU = Debug|Any CPU
		Release|Any CPU = Release|Any CPU
	EndGlobalSection
	GlobalSection(ProjectConfigurationPlatforms) = postSolution
		{A7BAD710-84E8-4F77-85D1-3A4D46F0BFA1}.Debug|Any CPU.ActiveCfg = Debug|Any CPU
		{A7BAD710-84E8-4F77-85D1-3A4D46F0BFA1}.Debug|Any CPU.Build.0 = Debug|Any CPU
		{A7BAD710-84E8-4F77-85D1-3A4D46F0BFA1}.Release|Any CPU.ActiveCfg = Release|Any CPU
		{A7BAD710-84E8-4F77-85D1-3A4D46F0BFA1}.Release|Any CPU.Build.0 = Release|Any CPU
	EndGlobalSection
	GlobalSection(SolutionProperties) = preSolution
		HideSolutionNode = FALSE
	EndGlobalSection
	GlobalSection(ExtensibilityGlobals) = postSolution
		SolutionGuid = {ABA30C2D-A2C0-4500-B053-4FEFCDA20EDF}
	EndGlobalSection
EndGlobal
